
Microsoft Visual Studio Solution File, Format Version 12.00
# Visual Studio 15
VisualStudioVersion = 15.0.27703.2026
MinimumVisualStudioVersion = 10.0.40219.1
Project("{FAE04EC0-301F-11D3-BF4B-00C04F79EFBC}") = "Sample.Web", "Sample.Web\Sample.Web.csproj", "{8759E1FE-4989-4EA9-84EE-A95410E3BB8C}"
EndProject
Project("{FAE04EC0-301F-11D3-BF4B-00C04F79EFBC}") = "Sample.Core", "Sample.Core\Sample.Core.csproj", "{47EDFD53-0C98-4C6E-9E97-167760D8EECC}"
EndProject
Project("{FAE04EC0-301F-11D3-BF4B-00C04F79EFBC}") = "Sample.Service", "Sample.Service\Sample.Service.csproj", "{B60740AE-949A-4E4E-AF59-3EEEE87FD0D9}"
EndProject
Global
	GlobalSection(SolutionConfigurationPlatforms) = preSolution
		Debug|Any CPU = Debug|Any CPU
		Release|Any CPU = Release|Any CPU
	EndGlobalSection
	GlobalSection(ProjectConfigurationPlatforms) = postSolution
		{8759E1FE-4989-4EA9-84EE-A95410E3BB8C}.Debug|Any CPU.ActiveCfg = Debug|Any CPU
		{8759E1FE-4989-4EA9-84EE-A95410E3BB8C}.Debug|Any CPU.Build.0 = Debug|Any CPU
		{8759E1FE-4989-4EA9-84EE-A95410E3BB8C}.Release|Any CPU.ActiveCfg = Release|Any CPU
		{8759E1FE-4989-4EA9-84EE-A95410E3BB8C}.Release|Any CPU.Build.0 = Release|Any CPU
		{47EDFD53-0C98-4C6E-9E97-167760D8EECC}.Debug|Any CPU.ActiveCfg = Debug|Any CPU
		{47EDFD53-0C98-4C6E-9E97-167760D8EECC}.Debug|Any CPU.Build.0 = Debug|Any CPU
		{47EDFD53-0C98-4C6E-9E97-167760D8EECC}.Release|Any CPU.ActiveCfg = Release|Any CPU
		{47EDFD53-0C98-4C6E-9E97-167760D8EECC}.Release|Any CPU.Build.0 = Release|Any CPU
		{B60740AE-949A-4E4E-AF59-3EEEE87FD0D9}.Debug|Any CPU.ActiveCfg = Debug|Any CPU
		{B60740AE-949A-4E4E-AF59-3EEEE87FD0D9}.Debug|Any CPU.Build.0 = Debug|Any CPU
		{B60740AE-949A-4E4E-AF59-3EEEE87FD0D9}.Release|Any CPU.ActiveCfg = Release|Any CPU
		{B60740AE-949A-4E4E-AF59-3EEEE87FD0D9}.Release|Any CPU.Build.0 = Release|Any CPU
	EndGlobalSection
	GlobalSection(SolutionProperties) = preSolution
		HideSolutionNode = FALSE
	EndGlobalSection
	GlobalSection(ExtensibilityGlobals) = postSolution
		SolutionGuid = {C5C764B8-5722-4B16-B3C3-A448E1642597}
	EndGlobalSection
EndGlobal
